
Microsoft Visual Studio Solution File, Format Version 11.00
# Visual C++ Express 2010
Project("{8BC9CEB8-8B4A-11D0-8D11-00A0C91BC942}") = "AStar", "AStar\AStar.vcxproj", "{1955E554-271A-42A7-988B-F67140204917}"
EndProject
Global
	GlobalSection(SolutionConfigurationPlatforms) = preSolution
		Debug|Win32 = Debug|Win32
		Release|Win32 = Release|Win32
	EndGlobalSection
	GlobalSection(ProjectConfigurationPlatforms) = postSolution
		{1955E554-271A-42A7-988B-F67140204917}.Debug|Win32.ActiveCfg = Debug|Win32
		{1955E554-271A-42A7-988B-F67140204917}.Debug|Win32.Build.0 = Debug|Win32
		{1955E554-271A-42A7-988B-F67140204917}.Release|Win32.ActiveCfg = Release|Win32
		{1955E554-271A-42A7-988B-F67140204917}.Release|Win32.Build.0 = Release|Win32
	EndGlobalSection
	GlobalSection(SolutionProperties) = preSolution
		HideSolutionNode = FALSE
	EndGlobalSection
EndGlobal
